
Microsoft Visual Studio Solution File, Format Version 12.00
# Visual Studio Version 17
VisualStudioVersion = 17.0.31903.59
MinimumVisualStudioVersion = 10.0.40219.1
Project("{2150E333-8FDC-42A3-9474-1A3956D46DE8}") = "src", "src", "{827E0CD3-B72D-47B6-A68D-7590B98EB39B}"
EndProject
Project("{FAE04EC0-301F-11D3-BF4B-00C04F79EFBC}") = "FamilyOs.Application", "src\FamilyOs.Application\FamilyOs.Application.csproj", "{BDF1DDC6-C88F-400A-9A47-D655BCF9C7F3}"
EndProject
Project("{FAE04EC0-301F-11D3-BF4B-00C04F79EFBC}") = "FamilyOs.Infrastructure.Ai", "src\FamilyOs.Infrastructure.Ai\FamilyOs.Infrastructure.Ai.csproj", "{5E1F0671-2188-466B-8879-FC0B5A1B2C64}"
EndProject
Project("{FAE04EC0-301F-11D3-BF4B-00C04F79EFBC}") = "FamilyOs.Workers", "src\FamilyOs.Workers\FamilyOs.Workers.csproj", "{0BFFE62F-4630-4184-84D9-AA22C0C1661F}"
EndProject
Project("{FAE04EC0-301F-11D3-BF4B-00C04F79EFBC}") = "FamilyOs.Domain", "src\FamilyOs.Domain\FamilyOs.Domain.csproj", "{B3C0CB38-D996-4C3A-B0A8-F3488589C7B8}"
EndProject
Project("{FAE04EC0-301F-11D3-BF4B-00C04F79EFBC}") = "FamilyOs.Infrastructure", "src\FamilyOs.Infrastructure\FamilyOs.Infrastructure.csproj", "{FD120724-92FF-4D8A-A8E3-528A99798C71}"
EndProject
Project("{FAE04EC0-301F-11D3-BF4B-00C04F79EFBC}") = "FamilyOs.Api", "src\FamilyOs.Api\FamilyOs.Api.csproj", "{B3A76A0E-F5DB-413D-A6D9-68764F9F2217}"
EndProject
Project("{2150E333-8FDC-42A3-9474-1A3956D46DE8}") = "tests", "tests", "{0AB3BF05-4346-4AA6-1389-037BE0695223}"
EndProject
Project("{FAE04EC0-301F-11D3-BF4B-00C04F79EFBC}") = "FamilyOs.Domain.Tests", "tests\FamilyOs.Domain.Tests\FamilyOs.Domain.Tests.csproj", "{120512F6-3DB0-4187-8C0D-172D1CA68918}"
EndProject
Project("{FAE04EC0-301F-11D3-BF4B-00C04F79EFBC}") = "FamilyOs.Application.Tests", "tests\FamilyOs.Application.Tests\FamilyOs.Application.Tests.csproj", "{B8600B15-3CA3-4A78-8A64-CB5839095655}"
EndProject
Project("{FAE04EC0-301F-11D3-BF4B-00C04F79EFBC}") = "FamilyOs.Infrastructure.Tests", "tests\FamilyOs.Infrastructure.Tests\FamilyOs.Infrastructure.Tests.csproj", "{74B2BAE6-5F1A-4B7E-862E-672A8236FCC2}"
EndProject
Project("{FAE04EC0-301F-11D3-BF4B-00C04F79EFBC}") = "FamilyOs.Api.IntegrationTests", "tests\FamilyOs.Api.IntegrationTests\FamilyOs.Api.IntegrationTests.csproj", "{43A417FE-2C7B-4702-A64C-274C40A97BE3}"
EndProject
Project("{FAE04EC0-301F-11D3-BF4B-00C04F79EFBC}") = "FamilyOs.Workers.Tests", "tests\FamilyOs.Workers.Tests\FamilyOs.Workers.Tests.csproj", "{0EA12179-45A8-4249-8CFD-8895689EF15B}"
EndProject
Global
	GlobalSection(SolutionConfigurationPlatforms) = preSolution
		Debug|Any CPU = Debug|Any CPU
		Debug|x64 = Debug|x64
		Debug|x86 = Debug|x86
		Release|Any CPU = Release|Any CPU
		Release|x64 = Release|x64
		Release|x86 = Release|x86
	EndGlobalSection
	GlobalSection(ProjectConfigurationPlatforms) = postSolution
		{BDF1DDC6-C88F-400A-9A47-D655BCF9C7F3}.Debug|Any CPU.ActiveCfg = Debug|Any CPU
		{BDF1DDC6-C88F-400A-9A47-D655BCF9C7F3}.Debug|Any CPU.Build.0 = Debug|Any CPU
		{BDF1DDC6-C88F-400A-9A47-D655BCF9C7F3}.Debug|x64.ActiveCfg = Debug|Any CPU
		{BDF1DDC6-C88F-400A-9A47-D655BCF9C7F3}.Debug|x64.Build.0 = Debug|Any CPU
		{BDF1DDC6-C88F-400A-9A47-D655BCF9C7F3}.Debug|x86.ActiveCfg = Debug|Any CPU
		{BDF1DDC6-C88F-400A-9A47-D655BCF9C7F3}.Debug|x86.Build.0 = Debug|Any CPU
		{BDF1DDC6-C88F-400A-9A47-D655BCF9C7F3}.Release|Any CPU.ActiveCfg = Release|Any CPU
		{BDF1DDC6-C88F-400A-9A47-D655BCF9C7F3}.Release|Any CPU.Build.0 = Release|Any CPU
		{BDF1DDC6-C88F-400A-9A47-D655BCF9C7F3}.Release|x64.ActiveCfg = Release|Any CPU
		{BDF1DDC6-C88F-400A-9A47-D655BCF9C7F3}.Release|x64.Build.0 = Release|Any CPU
		{BDF1DDC6-C88F-400A-9A47-D655BCF9C7F3}.Release|x86.ActiveCfg = Release|Any CPU
		{BDF1DDC6-C88F-400A-9A47-D655BCF9C7F3}.Release|x86.Build.0 = Release|Any CPU
		{5E1F0671-2188-466B-8879-FC0B5A1B2C64}.Debug|Any CPU.ActiveCfg = Debug|Any CPU
		{5E1F0671-2188-466B-8879-FC0B5A1B2C64}.Debug|Any CPU.Build.0 = Debug|Any CPU
		{5E1F0671-2188-466B-8879-FC0B5A1B2C64}.Debug|x64.ActiveCfg = Debug|Any CPU
		{5E1F0671-2188-466B-8879-FC0B5A1B2C64}.Debug|x64.Build.0 = Debug|Any CPU
		{5E1F0671-2188-466B-8879-FC0B5A1B2C64}.Debug|x86.ActiveCfg = Debug|Any CPU
		{5E1F0671-2188-466B-8879-FC0B5A1B2C64}.Debug|x86.Build.0 = Debug|Any CPU
		{5E1F0671-2188-466B-8879-FC0B5A1B2C64}.Release|Any CPU.ActiveCfg = Release|Any CPU
		{5E1F0671-2188-466B-8879-FC0B5A1B2C64}.Release|Any CPU.Build.0 = Release|Any CPU
		{5E1F0671-2188-466B-8879-FC0B5A1B2C64}.Release|x64.ActiveCfg = Release|Any CPU
		{5E1F0671-2188-466B-8879-FC0B5A1B2C64}.Release|x64.Build.0 = Release|Any CPU
		{5E1F0671-2188-466B-8879-FC0B5A1B2C64}.Release|x86.ActiveCfg = Release|Any CPU
		{5E1F0671-2188-466B-8879-FC0B5A1B2C64}.Release|x86.Build.0 = Release|Any CPU
		{0BFFE62F-4630-4184-84D9-AA22C0C1661F}.Debug|Any CPU.ActiveCfg = Debug|Any CPU
		{0BFFE62F-4630-4184-84D9-AA22C0C1661F}.Debug|Any CPU.Build.0 = Debug|Any CPU
		{0BFFE62F-4630-4184-84D9-AA22C0C1661F}.Debug|x64.ActiveCfg = Debug|Any CPU
		{0BFFE62F-4630-4184-84D9-AA22C0C1661F}.Debug|x64.Build.0 = Debug|Any CPU
		{0BFFE62F-4630-4184-84D9-AA22C0C1661F}.Debug|x86.ActiveCfg = Debug|Any CPU
		{0BFFE62F-4630-4184-84D9-AA22C0C1661F}.Debug|x86.Build.0 = Debug|Any CPU
		{0BFFE62F-4630-4184-84D9-AA22C0C1661F}.Release|Any CPU.ActiveCfg = Release|Any CPU
		{0BFFE62F-4630-4184-84D9-AA22C0C1661F}.Release|Any CPU.Build.0 = Release|Any CPU
		{0BFFE62F-4630-4184-84D9-AA22C0C1661F}.Release|x64.ActiveCfg = Release|Any CPU
		{0BFFE62F-4630-4184-84D9-AA22C0C1661F}.Release|x64.Build.0 = Release|Any CPU
		{0BFFE62F-4630-4184-84D9-AA22C0C1661F}.Release|x86.ActiveCfg = Release|Any CPU
		{0BFFE62F-4630-4184-84D9-AA22C0C1661F}.Release|x86.Build.0 = Release|Any CPU
		{B3C0CB38-D996-4C3A-B0A8-F3488589C7B8}.Debug|Any CPU.ActiveCfg = Debug|Any CPU
		{B3C0CB38-D996-4C3A-B0A8-F3488589C7B8}.Debug|Any CPU.Build.0 = Debug|Any CPU
		{B3C0CB38-D996-4C3A-B0A8-F3488589C7B8}.Debug|x64.ActiveCfg = Debug|Any CPU
		{B3C0CB38-D996-4C3A-B0A8-F3488589C7B8}.Debug|x64.Build.0 = Debug|Any CPU
		{B3C0CB38-D996-4C3A-B0A8-F3488589C7B8}.Debug|x86.ActiveCfg = Debug|Any CPU
		{B3C0CB38-D996-4C3A-B0A8-F3488589C7B8}.Debug|x86.Build.0 = Debug|Any CPU
		{B3C0CB38-D996-4C3A-B0A8-F3488589C7B8}.Release|Any CPU.ActiveCfg = Release|Any CPU
		{B3C0CB38-D996-4C3A-B0A8-F3488589C7B8}.Release|Any CPU.Build.0 = Release|Any CPU
		{B3C0CB38-D996-4C3A-B0A8-F3488589C7B8}.Release|x64.ActiveCfg = Release|Any CPU
		{B3C0CB38-D996-4C3A-B0A8-F3488589C7B8}.Release|x64.Build.0 = Release|Any CPU
		{B3C0CB38-D996-4C3A-B0A8-F3488589C7B8}.Release|x86.ActiveCfg = Release|Any CPU
		{B3C0CB38-D996-4C3A-B0A8-F3488589C7B8}.Release|x86.Build.0 = Release|Any CPU
		{FD120724-92FF-4D8A-A8E3-528A99798C71}.Debug|Any CPU.ActiveCfg = Debug|Any CPU
		{FD120724-92FF-4D8A-A8E3-528A99798C71}.Debug|Any CPU.Build.0 = Debug|Any CPU
		{FD120724-92FF-4D8A-A8E3-528A99798C71}.Debug|x64.ActiveCfg = Debug|Any CPU
		{FD120724-92FF-4D8A-A8E3-528A99798C71}.Debug|x64.Build.0 = Debug|Any CPU
		{FD120724-92FF-4D8A-A8E3-528A99798C71}.Debug|x86.ActiveCfg = Debug|Any CPU
		{FD120724-92FF-4D8A-A8E3-528A99798C71}.Debug|x86.Build.0 = Debug|Any CPU
		{FD120724-92FF-4D8A-A8E3-528A99798C71}.Release|Any CPU.ActiveCfg = Release|Any CPU
		{FD120724-92FF-4D8A-A8E3-528A99798C71}.Release|Any CPU.Build.0 = Release|Any CPU
		{FD120724-92FF-4D8A-A8E3-528A99798C71}.Release|x64.ActiveCfg = Release|Any CPU
		{FD120724-92FF-4D8A-A8E3-528A99798C71}.Release|x64.Build.0 = Release|Any CPU
		{FD120724-92FF-4D8A-A8E3-528A99798C71}.Release|x86.ActiveCfg = Release|Any CPU
		{FD120724-92FF-4D8A-A8E3-528A99798C71}.Release|x86.Build.0 = Release|Any CPU
		{B3A76A0E-F5DB-413D-A6D9-68764F9F2217}.Debug|Any CPU.ActiveCfg = Debug|Any CPU
		{B3A76A0E-F5DB-413D-A6D9-68764F9F2217}.Debug|Any CPU.Build.0 = Debug|Any CPU
		{B3A76A0E-F5DB-413D-A6D9-68764F9F2217}.Debug|x64.ActiveCfg = Debug|Any CPU
		{B3A76A0E-F5DB-413D-A6D9-68764F9F2217}.Debug|x64.Build.0 = Debug|Any CPU
		{B3A76A0E-F5DB-413D-A6D9-68764F9F2217}.Debug|x86.ActiveCfg = Debug|Any CPU
		{B3A76A0E-F5DB-413D-A6D9-68764F9F2217}.Debug|x86.Build.0 = Debug|Any CPU
		{B3A76A0E-F5DB-413D-A6D9-68764F9F2217}.Release|Any CPU.ActiveCfg = Release|Any CPU
		{B3A76A0E-F5DB-413D-A6D9-68764F9F2217}.Release|Any CPU.Build.0 = Release|Any CPU
		{B3A76A0E-F5DB-413D-A6D9-68764F9F2217}.Release|x64.ActiveCfg = Release|Any CPU
		{B3A76A0E-F5DB-413D-A6D9-68764F9F2217}.Release|x64.Build.0 = Release|Any CPU
		{B3A76A0E-F5DB-413D-A6D9-68764F9F2217}.Release|x86.ActiveCfg = Release|Any CPU
		{B3A76A0E-F5DB-413D-A6D9-68764F9F2217}.Release|x86.Build.0 = Release|Any CPU
		{120512F6-3DB0-4187-8C0D-172D1CA68918}.Debug|Any CPU.ActiveCfg = Debug|Any CPU
		{120512F6-3DB0-4187-8C0D-172D1CA68918}.Debug|Any CPU.Build.0 = Debug|Any CPU
		{120512F6-3DB0-4187-8C0D-172D1CA68918}.Debug|x64.ActiveCfg = Debug|Any CPU
		{120512F6-3DB0-4187-8C0D-172D1CA68918}.Debug|x64.Build.0 = Debug|Any CPU
		{120512F6-3DB0-4187-8C0D-172D1CA68918}.Debug|x86.ActiveCfg = Debug|Any CPU
		{120512F6-3DB0-4187-8C0D-172D1CA68918}.Debug|x86.Build.0 = Debug|Any CPU
		{120512F6-3DB0-4187-8C0D-172D1CA68918}.Release|Any CPU.ActiveCfg = Release|Any CPU
		{120512F6-3DB0-4187-8C0D-172D1CA68918}.Release|Any CPU.Build.0 = Release|Any CPU
		{120512F6-3DB0-4187-8C0D-172D1CA68918}.Release|x64.ActiveCfg = Release|Any CPU
		{120512F6-3DB0-4187-8C0D-172D1CA68918}.Release|x64.Build.0 = Release|Any CPU
		{120512F6-3DB0-4187-8C0D-172D1CA68918}.Release|x86.ActiveCfg = Release|Any CPU
		{120512F6-3DB0-4187-8C0D-172D1CA68918}.Release|x86.Build.0 = Release|Any CPU
		{B8600B15-3CA3-4A78-8A64-CB5839095655}.Debug|Any CPU.ActiveCfg = Debug|Any CPU
		{B8600B15-3CA3-4A78-8A64-CB5839095655}.Debug|Any CPU.Build.0 = Debug|Any CPU
		{B8600B15-3CA3-4A78-8A64-CB5839095655}.Debug|x64.ActiveCfg = Debug|Any CPU
		{B8600B15-3CA3-4A78-8A64-CB5839095655}.Debug|x64.Build.0 = Debug|Any CPU
		{B8600B15-3CA3-4A78-8A64-CB5839095655}.Debug|x86.ActiveCfg = Debug|Any CPU
		{B8600B15-3CA3-4A78-8A64-CB5839095655}.Debug|x86.Build.0 = Debug|Any CPU
		{B8600B15-3CA3-4A78-8A64-CB5839095655}.Release|Any CPU.ActiveCfg = Release|Any CPU
		{B8600B15-3CA3-4A78-8A64-CB5839095655}.Release|Any CPU.Build.0 = Release|Any CPU
		{B8600B15-3CA3-4A78-8A64-CB5839095655}.Release|x64.ActiveCfg = Release|Any CPU
		{B8600B15-3CA3-4A78-8A64-CB5839095655}.Release|x64.Build.0 = Release|Any CPU
		{B8600B15-3CA3-4A78-8A64-CB5839095655}.Release|x86.ActiveCfg = Release|Any CPU
		{B8600B15-3CA3-4A78-8A64-CB5839095655}.Release|x86.Build.0 = Release|Any CPU
		{74B2BAE6-5F1A-4B7E-862E-672A8236FCC2}.Debug|Any CPU.ActiveCfg = Debug|Any CPU
		{74B2BAE6-5F1A-4B7E-862E-672A8236FCC2}.Debug|Any CPU.Build.0 = Debug|Any CPU
		{74B2BAE6-5F1A-4B7E-862E-672A8236FCC2}.Debug|x64.ActiveCfg = Debug|Any CPU
		{74B2BAE6-5F1A-4B7E-862E-672A8236FCC2}.Debug|x64.Build.0 = Debug|Any CPU
		{74B2BAE6-5F1A-4B7E-862E-672A8236FCC2}.Debug|x86.ActiveCfg = Debug|Any CPU
		{74B2BAE6-5F1A-4B7E-862E-672A8236FCC2}.Debug|x86.Build.0 = Debug|Any CPU
		{74B2BAE6-5F1A-4B7E-862E-672A8236FCC2}.Release|Any CPU.ActiveCfg = Release|Any CPU
		{74B2BAE6-5F1A-4B7E-862E-672A8236FCC2}.Release|Any CPU.Build.0 = Release|Any CPU
		{74B2BAE6-5F1A-4B7E-862E-672A8236FCC2}.Release|x64.ActiveCfg = Release|Any CPU
		{74B2BAE6-5F1A-4B7E-862E-672A8236FCC2}.Release|x64.Build.0 = Release|Any CPU
		{74B2BAE6-5F1A-4B7E-862E-672A8236FCC2}.Release|x86.ActiveCfg = Release|Any CPU
		{74B2BAE6-5F1A-4B7E-862E-672A8236FCC2}.Release|x86.Build.0 = Release|Any CPU
		{43A417FE-2C7B-4702-A64C-274C40A97BE3}.Debug|Any CPU.ActiveCfg = Debug|Any CPU
		{43A417FE-2C7B-4702-A64C-274C40A97BE3}.Debug|Any CPU.Build.0 = Debug|Any CPU
		{43A417FE-2C7B-4702-A64C-274C40A97BE3}.Debug|x64.ActiveCfg = Debug|Any CPU
		{43A417FE-2C7B-4702-A64C-274C40A97BE3}.Debug|x64.Build.0 = Debug|Any CPU
		{43A417FE-2C7B-4702-A64C-274C40A97BE3}.Debug|x86.ActiveCfg = Debug|Any CPU
		{43A417FE-2C7B-4702-A64C-274C40A97BE3}.Debug|x86.Build.0 = Debug|Any CPU
		{43A417FE-2C7B-4702-A64C-274C40A97BE3}.Release|Any CPU.ActiveCfg = Release|Any CPU
		{43A417FE-2C7B-4702-A64C-274C40A97BE3}.Release|Any CPU.Build.0 = Release|Any CPU
		{43A417FE-2C7B-4702-A64C-274C40A97BE3}.Release|x64.ActiveCfg = Release|Any CPU
		{43A417FE-2C7B-4702-A64C-274C40A97BE3}.Release|x64.Build.0 = Release|Any CPU
		{43A417FE-2C7B-4702-A64C-274C40A97BE3}.Release|x86.ActiveCfg = Release|Any CPU
		{43A417FE-2C7B-4702-A64C-274C40A97BE3}.Release|x86.Build.0 = Release|Any CPU
		{0EA12179-45A8-4249-8CFD-8895689EF15B}.Debug|Any CPU.ActiveCfg = Debug|Any CPU
		{0EA12179-45A8-4249-8CFD-8895689EF15B}.Debug|Any CPU.Build.0 = Debug|Any CPU
		{0EA12179-45A8-4249-8CFD-8895689EF15B}.Debug|x64.ActiveCfg = Debug|Any CPU
		{0EA12179-45A8-4249-8CFD-8895689EF15B}.Debug|x64.Build.0 = Debug|Any CPU
		{0EA12179-45A8-4249-8CFD-8895689EF15B}.Debug|x86.ActiveCfg = Debug|Any CPU
		{0EA12179-45A8-4249-8CFD-8895689EF15B}.Debug|x86.Build.0 = Debug|Any CPU
		{0EA12179-45A8-4249-8CFD-8895689EF15B}.Release|Any CPU.ActiveCfg = Release|Any CPU
		{0EA12179-45A8-4249-8CFD-8895689EF15B}.Release|Any CPU.Build.0 = Release|Any CPU
		{0EA12179-45A8-4249-8CFD-8895689EF15B}.Release|x64.ActiveCfg = Release|Any CPU
		{0EA12179-45A8-4249-8CFD-8895689EF15B}.Release|x64.Build.0 = Release|Any CPU
		{0EA12179-45A8-4249-8CFD-8895689EF15B}.Release|x86.ActiveCfg = Release|Any CPU
		{0EA12179-45A8-4249-8CFD-8895689EF15B}.Release|x86.Build.0 = Release|Any CPU
	EndGlobalSection
	GlobalSection(SolutionProperties) = preSolution
		HideSolutionNode = FALSE
	EndGlobalSection
	GlobalSection(NestedProjects) = preSolution
		{BDF1DDC6-C88F-400A-9A47-D655BCF9C7F3} = {827E0CD3-B72D-47B6-A68D-7590B98EB39B}
		{5E1F0671-2188-466B-8879-FC0B5A1B2C64} = {827E0CD3-B72D-47B6-A68D-7590B98EB39B}
		{0BFFE62F-4630-4184-84D9-AA22C0C1661F} = {827E0CD3-B72D-47B6-A68D-7590B98EB39B}
		{B3C0CB38-D996-4C3A-B0A8-F3488589C7B8} = {827E0CD3-B72D-47B6-A68D-7590B98EB39B}
		{FD120724-92FF-4D8A-A8E3-528A99798C71} = {827E0CD3-B72D-47B6-A68D-7590B98EB39B}
		{B3A76A0E-F5DB-413D-A6D9-68764F9F2217} = {827E0CD3-B72D-47B6-A68D-7590B98EB39B}
		{120512F6-3DB0-4187-8C0D-172D1CA68918} = {0AB3BF05-4346-4AA6-1389-037BE0695223}
		{B8600B15-3CA3-4A78-8A64-CB5839095655} = {0AB3BF05-4346-4AA6-1389-037BE0695223}
		{74B2BAE6-5F1A-4B7E-862E-672A8236FCC2} = {0AB3BF05-4346-4AA6-1389-037BE0695223}
		{43A417FE-2C7B-4702-A64C-274C40A97BE3} = {0AB3BF05-4346-4AA6-1389-037BE0695223}
		{0EA12179-45A8-4249-8CFD-8895689EF15B} = {0AB3BF05-4346-4AA6-1389-037BE0695223}
	EndGlobalSection
EndGlobal
