
Microsoft Visual Studio Solution File, Format Version 12.00
# Visual Studio Version 17
VisualStudioVersion = 17.14.36327.8 d17.14
MinimumVisualStudioVersion = 10.0.40219.1
Project("{FAE04EC0-301F-11D3-BF4B-00C04F79EFBC}") = "FamilyOs", "FamilyOs\FamilyOs.csproj", "{EACDED7D-7BD9-4AF0-852A-26C79EE77987}"
EndProject
Global
	GlobalSection(SolutionConfigurationPlatforms) = preSolution
		Debug|Any CPU = Debug|Any CPU
		Release|Any CPU = Release|Any CPU
	EndGlobalSection
	GlobalSection(ProjectConfigurationPlatforms) = postSolution
		{EACDED7D-7BD9-4AF0-852A-26C79EE77987}.Debug|Any CPU.ActiveCfg = Debug|Any CPU
		{EACDED7D-7BD9-4AF0-852A-26C79EE77987}.Debug|Any CPU.Build.0 = Debug|Any CPU
		{EACDED7D-7BD9-4AF0-852A-26C79EE77987}.Release|Any CPU.ActiveCfg = Release|Any CPU
		{EACDED7D-7BD9-4AF0-852A-26C79EE77987}.Release|Any CPU.Build.0 = Release|Any CPU
	EndGlobalSection
	GlobalSection(SolutionProperties) = preSolution
		HideSolutionNode = FALSE
	EndGlobalSection
	GlobalSection(ExtensibilityGlobals) = postSolution
		SolutionGuid = {B9EA9897-B128-4DC7-BD8A-8A7705C6207A}
	EndGlobalSection
EndGlobal
